
Microsoft Visual Studio Solution File, Format Version 12.00
# Visual Studio Version 17
VisualStudioVersion = 17.14.36414.22
MinimumVisualStudioVersion = 10.0.40219.1
Project("{2150E333-8FDC-42A3-9474-1A3956D46DE8}") = "Task0", "Task0", "{36D591C7-65C7-A0D1-1CBC-10CDE441BDC8}"
EndProject
Project("{FAE04EC0-301F-11D3-BF4B-00C04F79EFBC}") = "Tyuiu.NikitinRYu.Sprint4.Task0.V19", "Tyuiu.NikitinRYu.Sprint4.Task0.V19\Tyuiu.NikitinRYu.Sprint4.Task0.V19.csproj", "{D617AA59-F127-490D-892E-C4953F17F649}"
EndProject
Project("{FAE04EC0-301F-11D3-BF4B-00C04F79EFBC}") = "Tyuiu.NikitinRYu.Sprint4.Task0.V19.Lib", "Tyuiu.NikitinRYu.Sprint4.Task0.V19.Lib\Tyuiu.NikitinRYu.Sprint4.Task0.V19.Lib.csproj", "{36A4C896-D32F-43DF-9EC7-8A64E8E23B00}"
EndProject
Project("{FAE04EC0-301F-11D3-BF4B-00C04F79EFBC}") = "Tyuiu.NikitinRYu.Sprint4.Task0.V19.Test", "Tyuiu.NikitinRYu.Sprint4.Task0.V19.Test\Tyuiu.NikitinRYu.Sprint4.Task0.V19.Test.csproj", "{19C13F2C-0D5F-429C-AA31-98B16663DCA3}"
EndProject
Project("{2150E333-8FDC-42A3-9474-1A3956D46DE8}") = "Task1", "Task1", "{EDBC577B-F869-49BF-A0D1-CDF74EF0AE9B}"
EndProject
Project("{FAE04EC0-301F-11D3-BF4B-00C04F79EFBC}") = "Tyuiu.NikitinRYu.Sprint4.Task1.V22", "Tyuiu.NikitinRYu.Sprint4.Task1.V22\Tyuiu.NikitinRYu.Sprint4.Task1.V22.csproj", "{E4D35FB8-2E74-4A62-9B50-53E557B572A8}"
EndProject
Project("{FAE04EC0-301F-11D3-BF4B-00C04F79EFBC}") = "Tyuiu.NikitinRYu.Sprint4.Task1.V22.Lib", "Tyuiu.NikitinRYu.Sprint4.Task1.V22.Lib\Tyuiu.NikitinRYu.Sprint4.Task1.V22.Lib.csproj", "{3A98CFF4-18B8-4501-B6BF-FE5CB0C2B978}"
EndProject
Project("{FAE04EC0-301F-11D3-BF4B-00C04F79EFBC}") = "Tyuiu.NikitinRYu.Sprint4.Task1.V22.Test", "Tyuiu.NikitinRYu.Sprint4.Task1.V22.Test\Tyuiu.NikitinRYu.Sprint4.Task1.V22.Test.csproj", "{D9DA1B0A-C9A7-4CDA-A5EC-5E165F145C02}"
EndProject
Project("{2150E333-8FDC-42A3-9474-1A3956D46DE8}") = "Task2", "Task2", "{EEE4BBFD-98FD-4B86-B660-34D30CD8CA9A}"
EndProject
Project("{FAE04EC0-301F-11D3-BF4B-00C04F79EFBC}") = "Tyuiu.NikitinRYu.Sprint4.Task2.V24", "Tyuiu.NikitinRYu.Sprint4.Task2.V24\Tyuiu.NikitinRYu.Sprint4.Task2.V24.csproj", "{D305D57A-5131-4664-8A02-50ABA94428A4}"
EndProject
Project("{FAE04EC0-301F-11D3-BF4B-00C04F79EFBC}") = "Tyuiu.NikitinRYu.Sprint4.Task2.V24.Lib", "Tyuiu.NikitinRYu.Sprint4.Task2.V24.Lib\Tyuiu.NikitinRYu.Sprint4.Task2.V24.Lib.csproj", "{84D4A627-C12D-4086-8F28-60F58357C54C}"
EndProject
Project("{FAE04EC0-301F-11D3-BF4B-00C04F79EFBC}") = "Tyuiu.NikitinRYu.Sprint4.Task2.V24.Test", "Tyuiu.NikitinRYu.Sprint4.Task2.V24.Test\Tyuiu.NikitinRYu.Sprint4.Task2.V24.Test.csproj", "{FBE2BF27-C56B-4C66-8373-AFAE93FDEADE}"
EndProject
Project("{2150E333-8FDC-42A3-9474-1A3956D46DE8}") = "Task3", "Task3", "{870914BA-20AF-4816-9DB1-B3DC910B7BFF}"
EndProject
Project("{FAE04EC0-301F-11D3-BF4B-00C04F79EFBC}") = "Tyuiu.NikitinRYu.Sprint4.Task3.V7", "Tyuiu.NikitinRYu.Sprint4.Task3.V7\Tyuiu.NikitinRYu.Sprint4.Task3.V7.csproj", "{61FA4D16-4AD1-4A3F-B0BB-F4396A190683}"
EndProject
Project("{FAE04EC0-301F-11D3-BF4B-00C04F79EFBC}") = "Tyuiu.NikitinRYu.Sprint4.Task3.V7.Lib", "Tyuiu.NikitinRYu.Sprint4.Task3.V7.Lib\Tyuiu.NikitinRYu.Sprint4.Task3.V7.Lib.csproj", "{C9FDF32F-0B1A-4186-9F77-3CBDA33E0A73}"
EndProject
Project("{FAE04EC0-301F-11D3-BF4B-00C04F79EFBC}") = "Tyuiu.NikitinRYu.Sprint4.Task3.V7.Test", "Tyuiu.NikitinRYu.Sprint4.Task3.V7.Test\Tyuiu.NikitinRYu.Sprint4.Task3.V7.Test.csproj", "{9ED6F0C9-F936-4ED5-BFDC-D168C929DB4B}"
EndProject
Project("{2150E333-8FDC-42A3-9474-1A3956D46DE8}") = "Task4", "Task4", "{A7D7589C-D86E-4D35-BF27-CCEC537DAE97}"
EndProject
Project("{FAE04EC0-301F-11D3-BF4B-00C04F79EFBC}") = "Tyuiu.NikitinRYu.Sprint4.Task4.V18", "Tyuiu.NikitinRYu.Sprint4.Task4.V18\Tyuiu.NikitinRYu.Sprint4.Task4.V18.csproj", "{3C027490-623B-4CBC-BF03-3A91CADFD36C}"
EndProject
Project("{FAE04EC0-301F-11D3-BF4B-00C04F79EFBC}") = "Tyuiu.NikitinRYu.Sprint4.Task4.V18.Lib", "Tyuiu.NikitinRYu.Sprint4.Task4.V18.Lib\Tyuiu.NikitinRYu.Sprint4.Task4.V18.Lib.csproj", "{38A76C6F-FA4C-42EF-BB2F-ED2C655FAD03}"
EndProject
Project("{FAE04EC0-301F-11D3-BF4B-00C04F79EFBC}") = "Tyuiu.NikitinRYu.Sprint4.Task4.V18.Test", "Tyuiu.NikitinRYu.Sprint4.Task4.V18.Test\Tyuiu.NikitinRYu.Sprint4.Task4.V18.Test.csproj", "{35973CA1-30AA-423B-BE59-C975FC80ACDC}"
EndProject
Project("{2150E333-8FDC-42A3-9474-1A3956D46DE8}") = "Task5", "Task5", "{D0A98773-5876-4B11-A576-39BC2CA642F2}"
EndProject
Project("{FAE04EC0-301F-11D3-BF4B-00C04F79EFBC}") = "Tyuiu.NikitinRYu.Sprint4.Task5.V22", "Tyuiu.NikitinRYu.Sprint4.Task5.V22\Tyuiu.NikitinRYu.Sprint4.Task5.V22.csproj", "{62D5CA04-78C5-4043-B078-0D5F4BE79A5B}"
EndProject
Project("{FAE04EC0-301F-11D3-BF4B-00C04F79EFBC}") = "Tyuiu.NikitinRYu.Sprint4.Task5.V22.Lib", "Tyuiu.NikitinRYu.Sprint4.Task5.V22.Lib\Tyuiu.NikitinRYu.Sprint4.Task5.V22.Lib.csproj", "{D604AAAA-E612-4AE4-B92A-43D8EF5C3E03}"
EndProject
Project("{FAE04EC0-301F-11D3-BF4B-00C04F79EFBC}") = "Tyuiu.NikitinRYu.Sprint4.Task5.V22.Test", "Tyuiu.NikitinRYu.Sprint4.Task5.V22.Test\Tyuiu.NikitinRYu.Sprint4.Task5.V22.Test.csproj", "{E6E98AD7-68EC-4402-8C7A-4123E981A1E6}"
EndProject
Project("{2150E333-8FDC-42A3-9474-1A3956D46DE8}") = "Task6", "Task6", "{510F890E-9BE6-4BDC-A43E-0FE505084E22}"
EndProject
Project("{FAE04EC0-301F-11D3-BF4B-00C04F79EFBC}") = "Tyuiu.NikitinRYu.Sprint4.Task6.V25", "Tyuiu.NikitinRYu.Sprint4.Task6.V25\Tyuiu.NikitinRYu.Sprint4.Task6.V25.csproj", "{E56B6A98-4430-4A87-A20B-5BF2DE442906}"
EndProject
Project("{FAE04EC0-301F-11D3-BF4B-00C04F79EFBC}") = "Tyuiu.NikitinRYu.Sprint4.Task6.V25.Lib", "Tyuiu.NikitinRYu.Sprint4.Task6.V25.Lib\Tyuiu.NikitinRYu.Sprint4.Task6.V25.Lib.csproj", "{F697E3A0-C68C-4D82-8893-8DB5E1CB9726}"
EndProject
Project("{FAE04EC0-301F-11D3-BF4B-00C04F79EFBC}") = "Tyuiu.NikitinRYu.Sprint4.Task6.V25.Test", "Tyuiu.NikitinRYu.Sprint4.Task6.V25.Test\Tyuiu.NikitinRYu.Sprint4.Task6.V25.Test.csproj", "{5F591134-F32B-4746-A0BA-8C175ED971F6}"
EndProject
Global
	GlobalSection(SolutionConfigurationPlatforms) = preSolution
		Debug|Any CPU = Debug|Any CPU
		Release|Any CPU = Release|Any CPU
	EndGlobalSection
	GlobalSection(ProjectConfigurationPlatforms) = postSolution
		{D617AA59-F127-490D-892E-C4953F17F649}.Debug|Any CPU.ActiveCfg = Debug|Any CPU
		{D617AA59-F127-490D-892E-C4953F17F649}.Debug|Any CPU.Build.0 = Debug|Any CPU
		{D617AA59-F127-490D-892E-C4953F17F649}.Release|Any CPU.ActiveCfg = Release|Any CPU
		{D617AA59-F127-490D-892E-C4953F17F649}.Release|Any CPU.Build.0 = Release|Any CPU
		{36A4C896-D32F-43DF-9EC7-8A64E8E23B00}.Debug|Any CPU.ActiveCfg = Debug|Any CPU
		{36A4C896-D32F-43DF-9EC7-8A64E8E23B00}.Debug|Any CPU.Build.0 = Debug|Any CPU
		{36A4C896-D32F-43DF-9EC7-8A64E8E23B00}.Release|Any CPU.ActiveCfg = Release|Any CPU
		{36A4C896-D32F-43DF-9EC7-8A64E8E23B00}.Release|Any CPU.Build.0 = Release|Any CPU
		{19C13F2C-0D5F-429C-AA31-98B16663DCA3}.Debug|Any CPU.ActiveCfg = Debug|Any CPU
		{19C13F2C-0D5F-429C-AA31-98B16663DCA3}.Debug|Any CPU.Build.0 = Debug|Any CPU
		{19C13F2C-0D5F-429C-AA31-98B16663DCA3}.Release|Any CPU.ActiveCfg = Release|Any CPU
		{19C13F2C-0D5F-429C-AA31-98B16663DCA3}.Release|Any CPU.Build.0 = Release|Any CPU
		{E4D35FB8-2E74-4A62-9B50-53E557B572A8}.Debug|Any CPU.ActiveCfg = Debug|Any CPU
		{E4D35FB8-2E74-4A62-9B50-53E557B572A8}.Debug|Any CPU.Build.0 = Debug|Any CPU
		{E4D35FB8-2E74-4A62-9B50-53E557B572A8}.Release|Any CPU.ActiveCfg = Release|Any CPU
		{E4D35FB8-2E74-4A62-9B50-53E557B572A8}.Release|Any CPU.Build.0 = Release|Any CPU
		{3A98CFF4-18B8-4501-B6BF-FE5CB0C2B978}.Debug|Any CPU.ActiveCfg = Debug|Any CPU
		{3A98CFF4-18B8-4501-B6BF-FE5CB0C2B978}.Debug|Any CPU.Build.0 = Debug|Any CPU
		{3A98CFF4-18B8-4501-B6BF-FE5CB0C2B978}.Release|Any CPU.ActiveCfg = Release|Any CPU
		{3A98CFF4-18B8-4501-B6BF-FE5CB0C2B978}.Release|Any CPU.Build.0 = Release|Any CPU
		{D9DA1B0A-C9A7-4CDA-A5EC-5E165F145C02}.Debug|Any CPU.ActiveCfg = Debug|Any CPU
		{D9DA1B0A-C9A7-4CDA-A5EC-5E165F145C02}.Debug|Any CPU.Build.0 = Debug|Any CPU
		{D9DA1B0A-C9A7-4CDA-A5EC-5E165F145C02}.Release|Any CPU.ActiveCfg = Release|Any CPU
		{D9DA1B0A-C9A7-4CDA-A5EC-5E165F145C02}.Release|Any CPU.Build.0 = Release|Any CPU
		{D305D57A-5131-4664-8A02-50ABA94428A4}.Debug|Any CPU.ActiveCfg = Debug|Any CPU
		{D305D57A-5131-4664-8A02-50ABA94428A4}.Debug|Any CPU.Build.0 = Debug|Any CPU
		{D305D57A-5131-4664-8A02-50ABA94428A4}.Release|Any CPU.ActiveCfg = Release|Any CPU
		{D305D57A-5131-4664-8A02-50ABA94428A4}.Release|Any CPU.Build.0 = Release|Any CPU
		{84D4A627-C12D-4086-8F28-60F58357C54C}.Debug|Any CPU.ActiveCfg = Debug|Any CPU
		{84D4A627-C12D-4086-8F28-60F58357C54C}.Debug|Any CPU.Build.0 = Debug|Any CPU
		{84D4A627-C12D-4086-8F28-60F58357C54C}.Release|Any CPU.ActiveCfg = Release|Any CPU
		{84D4A627-C12D-4086-8F28-60F58357C54C}.Release|Any CPU.Build.0 = Release|Any CPU
		{FBE2BF27-C56B-4C66-8373-AFAE93FDEADE}.Debug|Any CPU.ActiveCfg = Debug|Any CPU
		{FBE2BF27-C56B-4C66-8373-AFAE93FDEADE}.Debug|Any CPU.Build.0 = Debug|Any CPU
		{FBE2BF27-C56B-4C66-8373-AFAE93FDEADE}.Release|Any CPU.ActiveCfg = Release|Any CPU
		{FBE2BF27-C56B-4C66-8373-AFAE93FDEADE}.Release|Any CPU.Build.0 = Release|Any CPU
		{61FA4D16-4AD1-4A3F-B0BB-F4396A190683}.Debug|Any CPU.ActiveCfg = Debug|Any CPU
		{61FA4D16-4AD1-4A3F-B0BB-F4396A190683}.Debug|Any CPU.Build.0 = Debug|Any CPU
		{61FA4D16-4AD1-4A3F-B0BB-F4396A190683}.Release|Any CPU.ActiveCfg = Release|Any CPU
		{61FA4D16-4AD1-4A3F-B0BB-F4396A190683}.Release|Any CPU.Build.0 = Release|Any CPU
		{C9FDF32F-0B1A-4186-9F77-3CBDA33E0A73}.Debug|Any CPU.ActiveCfg = Debug|Any CPU
		{C9FDF32F-0B1A-4186-9F77-3CBDA33E0A73}.Debug|Any CPU.Build.0 = Debug|Any CPU
		{C9FDF32F-0B1A-4186-9F77-3CBDA33E0A73}.Release|Any CPU.ActiveCfg = Release|Any CPU
		{C9FDF32F-0B1A-4186-9F77-3CBDA33E0A73}.Release|Any CPU.Build.0 = Release|Any CPU
		{9ED6F0C9-F936-4ED5-BFDC-D168C929DB4B}.Debug|Any CPU.ActiveCfg = Debug|Any CPU
		{9ED6F0C9-F936-4ED5-BFDC-D168C929DB4B}.Debug|Any CPU.Build.0 = Debug|Any CPU
		{9ED6F0C9-F936-4ED5-BFDC-D168C929DB4B}.Release|Any CPU.ActiveCfg = Release|Any CPU
		{9ED6F0C9-F936-4ED5-BFDC-D168C929DB4B}.Release|Any CPU.Build.0 = Release|Any CPU
		{3C027490-623B-4CBC-BF03-3A91CADFD36C}.Debug|Any CPU.ActiveCfg = Debug|Any CPU
		{3C027490-623B-4CBC-BF03-3A91CADFD36C}.Debug|Any CPU.Build.0 = Debug|Any CPU
		{3C027490-623B-4CBC-BF03-3A91CADFD36C}.Release|Any CPU.ActiveCfg = Release|Any CPU
		{3C027490-623B-4CBC-BF03-3A91CADFD36C}.Release|Any CPU.Build.0 = Release|Any CPU
		{38A76C6F-FA4C-42EF-BB2F-ED2C655FAD03}.Debug|Any CPU.ActiveCfg = Debug|Any CPU
		{38A76C6F-FA4C-42EF-BB2F-ED2C655FAD03}.Debug|Any CPU.Build.0 = Debug|Any CPU
		{38A76C6F-FA4C-42EF-BB2F-ED2C655FAD03}.Release|Any CPU.ActiveCfg = Release|Any CPU
		{38A76C6F-FA4C-42EF-BB2F-ED2C655FAD03}.Release|Any CPU.Build.0 = Release|Any CPU
		{35973CA1-30AA-423B-BE59-C975FC80ACDC}.Debug|Any CPU.ActiveCfg = Debug|Any CPU
		{35973CA1-30AA-423B-BE59-C975FC80ACDC}.Debug|Any CPU.Build.0 = Debug|Any CPU
		{35973CA1-30AA-423B-BE59-C975FC80ACDC}.Release|Any CPU.ActiveCfg = Release|Any CPU
		{35973CA1-30AA-423B-BE59-C975FC80ACDC}.Release|Any CPU.Build.0 = Release|Any CPU
		{62D5CA04-78C5-4043-B078-0D5F4BE79A5B}.Debug|Any CPU.ActiveCfg = Debug|Any CPU
		{62D5CA04-78C5-4043-B078-0D5F4BE79A5B}.Debug|Any CPU.Build.0 = Debug|Any CPU
		{62D5CA04-78C5-4043-B078-0D5F4BE79A5B}.Release|Any CPU.ActiveCfg = Release|Any CPU
		{62D5CA04-78C5-4043-B078-0D5F4BE79A5B}.Release|Any CPU.Build.0 = Release|Any CPU
		{D604AAAA-E612-4AE4-B92A-43D8EF5C3E03}.Debug|Any CPU.ActiveCfg = Debug|Any CPU
		{D604AAAA-E612-4AE4-B92A-43D8EF5C3E03}.Debug|Any CPU.Build.0 = Debug|Any CPU
		{D604AAAA-E612-4AE4-B92A-43D8EF5C3E03}.Release|Any CPU.ActiveCfg = Release|Any CPU
		{D604AAAA-E612-4AE4-B92A-43D8EF5C3E03}.Release|Any CPU.Build.0 = Release|Any CPU
		{E6E98AD7-68EC-4402-8C7A-4123E981A1E6}.Debug|Any CPU.ActiveCfg = Debug|Any CPU
		{E6E98AD7-68EC-4402-8C7A-4123E981A1E6}.Debug|Any CPU.Build.0 = Debug|Any CPU
		{E6E98AD7-68EC-4402-8C7A-4123E981A1E6}.Release|Any CPU.ActiveCfg = Release|Any CPU
		{E6E98AD7-68EC-4402-8C7A-4123E981A1E6}.Release|Any CPU.Build.0 = Release|Any CPU
		{E56B6A98-4430-4A87-A20B-5BF2DE442906}.Debug|Any CPU.ActiveCfg = Debug|Any CPU
		{E56B6A98-4430-4A87-A20B-5BF2DE442906}.Debug|Any CPU.Build.0 = Debug|Any CPU
		{E56B6A98-4430-4A87-A20B-5BF2DE442906}.Release|Any CPU.ActiveCfg = Release|Any CPU
		{E56B6A98-4430-4A87-A20B-5BF2DE442906}.Release|Any CPU.Build.0 = Release|Any CPU
		{F697E3A0-C68C-4D82-8893-8DB5E1CB9726}.Debug|Any CPU.ActiveCfg = Debug|Any CPU
		{F697E3A0-C68C-4D82-8893-8DB5E1CB9726}.Debug|Any CPU.Build.0 = Debug|Any CPU
		{F697E3A0-C68C-4D82-8893-8DB5E1CB9726}.Release|Any CPU.ActiveCfg = Release|Any CPU
		{F697E3A0-C68C-4D82-8893-8DB5E1CB9726}.Release|Any CPU.Build.0 = Release|Any CPU
		{5F591134-F32B-4746-A0BA-8C175ED971F6}.Debug|Any CPU.ActiveCfg = Debug|Any CPU
		{5F591134-F32B-4746-A0BA-8C175ED971F6}.Debug|Any CPU.Build.0 = Debug|Any CPU
		{5F591134-F32B-4746-A0BA-8C175ED971F6}.Release|Any CPU.ActiveCfg = Release|Any CPU
		{5F591134-F32B-4746-A0BA-8C175ED971F6}.Release|Any CPU.Build.0 = Release|Any CPU
	EndGlobalSection
	GlobalSection(SolutionProperties) = preSolution
		HideSolutionNode = FALSE
	EndGlobalSection
	GlobalSection(NestedProjects) = preSolution
		{D617AA59-F127-490D-892E-C4953F17F649} = {36D591C7-65C7-A0D1-1CBC-10CDE441BDC8}
		{36A4C896-D32F-43DF-9EC7-8A64E8E23B00} = {36D591C7-65C7-A0D1-1CBC-10CDE441BDC8}
		{19C13F2C-0D5F-429C-AA31-98B16663DCA3} = {36D591C7-65C7-A0D1-1CBC-10CDE441BDC8}
		{E4D35FB8-2E74-4A62-9B50-53E557B572A8} = {EDBC577B-F869-49BF-A0D1-CDF74EF0AE9B}
		{3A98CFF4-18B8-4501-B6BF-FE5CB0C2B978} = {EDBC577B-F869-49BF-A0D1-CDF74EF0AE9B}
		{D9DA1B0A-C9A7-4CDA-A5EC-5E165F145C02} = {EDBC577B-F869-49BF-A0D1-CDF74EF0AE9B}
		{D305D57A-5131-4664-8A02-50ABA94428A4} = {EEE4BBFD-98FD-4B86-B660-34D30CD8CA9A}
		{84D4A627-C12D-4086-8F28-60F58357C54C} = {EEE4BBFD-98FD-4B86-B660-34D30CD8CA9A}
		{FBE2BF27-C56B-4C66-8373-AFAE93FDEADE} = {EEE4BBFD-98FD-4B86-B660-34D30CD8CA9A}
		{61FA4D16-4AD1-4A3F-B0BB-F4396A190683} = {870914BA-20AF-4816-9DB1-B3DC910B7BFF}
		{C9FDF32F-0B1A-4186-9F77-3CBDA33E0A73} = {870914BA-20AF-4816-9DB1-B3DC910B7BFF}
		{9ED6F0C9-F936-4ED5-BFDC-D168C929DB4B} = {870914BA-20AF-4816-9DB1-B3DC910B7BFF}
		{3C027490-623B-4CBC-BF03-3A91CADFD36C} = {A7D7589C-D86E-4D35-BF27-CCEC537DAE97}
		{38A76C6F-FA4C-42EF-BB2F-ED2C655FAD03} = {A7D7589C-D86E-4D35-BF27-CCEC537DAE97}
		{35973CA1-30AA-423B-BE59-C975FC80ACDC} = {A7D7589C-D86E-4D35-BF27-CCEC537DAE97}
		{62D5CA04-78C5-4043-B078-0D5F4BE79A5B} = {D0A98773-5876-4B11-A576-39BC2CA642F2}
		{D604AAAA-E612-4AE4-B92A-43D8EF5C3E03} = {D0A98773-5876-4B11-A576-39BC2CA642F2}
		{E6E98AD7-68EC-4402-8C7A-4123E981A1E6} = {D0A98773-5876-4B11-A576-39BC2CA642F2}
		{E56B6A98-4430-4A87-A20B-5BF2DE442906} = {510F890E-9BE6-4BDC-A43E-0FE505084E22}
		{F697E3A0-C68C-4D82-8893-8DB5E1CB9726} = {510F890E-9BE6-4BDC-A43E-0FE505084E22}
		{5F591134-F32B-4746-A0BA-8C175ED971F6} = {510F890E-9BE6-4BDC-A43E-0FE505084E22}
	EndGlobalSection
	GlobalSection(ExtensibilityGlobals) = postSolution
		SolutionGuid = {B4B0EB66-B4C1-41FD-93B4-104CEA6F6F8E}
	EndGlobalSection
EndGlobal
